
Microsoft Visual Studio Solution File, Format Version 12.00
# Visual Studio Version 16
VisualStudioVersion = 16.0.30503.244
MinimumVisualStudioVersion = 10.0.40219.1
Project("{FAE04EC0-301F-11D3-BF4B-00C04F79EFBC}") = "SUS.HTTP", "SUS.HTTP\SUS.HTTP.csproj", "{38BAD0A4-004A-4EB8-9598-A3F6CD3898AC}"
EndProject
Project("{2150E333-8FDC-42A3-9474-1A3956D46DE8}") = "Apps", "Apps", "{FAD7B6AB-560B-4895-AD16-89EC41009324}"
EndProject
Project("{FAE04EC0-301F-11D3-BF4B-00C04F79EFBC}") = "MyFirstMvcApp", "MyFirstMvcApp\MyFirstMvcApp.csproj", "{6F547992-E9A5-4087-9FB0-2099BBCB0412}"
EndProject
Project("{FAE04EC0-301F-11D3-BF4B-00C04F79EFBC}") = "MvcFramework", "MvcFramework\MvcFramework.csproj", "{F7702CEF-EDC8-4974-9969-C614D219C6FD}"
EndProject
Global
	GlobalSection(SolutionConfigurationPlatforms) = preSolution
		Debug|Any CPU = Debug|Any CPU
		Release|Any CPU = Release|Any CPU
	EndGlobalSection
	GlobalSection(ProjectConfigurationPlatforms) = postSolution
		{38BAD0A4-004A-4EB8-9598-A3F6CD3898AC}.Debug|Any CPU.ActiveCfg = Debug|Any CPU
		{38BAD0A4-004A-4EB8-9598-A3F6CD3898AC}.Debug|Any CPU.Build.0 = Debug|Any CPU
		{38BAD0A4-004A-4EB8-9598-A3F6CD3898AC}.Release|Any CPU.ActiveCfg = Release|Any CPU
		{38BAD0A4-004A-4EB8-9598-A3F6CD3898AC}.Release|Any CPU.Build.0 = Release|Any CPU
		{6F547992-E9A5-4087-9FB0-2099BBCB0412}.Debug|Any CPU.ActiveCfg = Debug|Any CPU
		{6F547992-E9A5-4087-9FB0-2099BBCB0412}.Debug|Any CPU.Build.0 = Debug|Any CPU
		{6F547992-E9A5-4087-9FB0-2099BBCB0412}.Release|Any CPU.ActiveCfg = Release|Any CPU
		{6F547992-E9A5-4087-9FB0-2099BBCB0412}.Release|Any CPU.Build.0 = Release|Any CPU
		{F7702CEF-EDC8-4974-9969-C614D219C6FD}.Debug|Any CPU.ActiveCfg = Debug|Any CPU
		{F7702CEF-EDC8-4974-9969-C614D219C6FD}.Debug|Any CPU.Build.0 = Debug|Any CPU
		{F7702CEF-EDC8-4974-9969-C614D219C6FD}.Release|Any CPU.ActiveCfg = Release|Any CPU
		{F7702CEF-EDC8-4974-9969-C614D219C6FD}.Release|Any CPU.Build.0 = Release|Any CPU
	EndGlobalSection
	GlobalSection(SolutionProperties) = preSolution
		HideSolutionNode = FALSE
	EndGlobalSection
	GlobalSection(NestedProjects) = preSolution
		{6F547992-E9A5-4087-9FB0-2099BBCB0412} = {FAD7B6AB-560B-4895-AD16-89EC41009324}
	EndGlobalSection
	GlobalSection(ExtensibilityGlobals) = postSolution
		SolutionGuid = {2975237B-7E4C-4480-BBCA-3D315A0B0BEF}
	EndGlobalSection
EndGlobal
