
Microsoft Visual Studio Solution File, Format Version 12.00
# Visual Studio Version 16
VisualStudioVersion = 16.0.30503.244
MinimumVisualStudioVersion = 10.0.40219.1
Project("{FAE04EC0-301F-11D3-BF4B-00C04F79EFBC}") = "SUS.HTTP", "SUS.HTTP\SUS.HTTP.csproj", "{BA33A4E5-5756-47CD-9EC2-2ABF0E663A88}"
EndProject
Project("{FAE04EC0-301F-11D3-BF4B-00C04F79EFBC}") = "SUS.MvcFramework", "SUS.MvcFramework\SUS.MvcFramework.csproj", "{48CD7049-FEC0-4BB0-A631-23585ED30D70}"
EndProject
Project("{2150E333-8FDC-42A3-9474-1A3956D46DE8}") = "Apps", "Apps", "{1DA2FAAC-FF8F-4162-B064-C95DB01158A4}"
EndProject
Project("{FAE04EC0-301F-11D3-BF4B-00C04F79EFBC}") = "MyFirstMvcApp", "MyFirstMvcApp\MyFirstMvcApp.csproj", "{8DBD5D6C-9F95-41D8-BBC8-5C7DBF3DD5E6}"
EndProject
Global
	GlobalSection(SolutionConfigurationPlatforms) = preSolution
		Debug|Any CPU = Debug|Any CPU
		Release|Any CPU = Release|Any CPU
	EndGlobalSection
	GlobalSection(ProjectConfigurationPlatforms) = postSolution
		{BA33A4E5-5756-47CD-9EC2-2ABF0E663A88}.Debug|Any CPU.ActiveCfg = Debug|Any CPU
		{BA33A4E5-5756-47CD-9EC2-2ABF0E663A88}.Debug|Any CPU.Build.0 = Debug|Any CPU
		{BA33A4E5-5756-47CD-9EC2-2ABF0E663A88}.Release|Any CPU.ActiveCfg = Release|Any CPU
		{BA33A4E5-5756-47CD-9EC2-2ABF0E663A88}.Release|Any CPU.Build.0 = Release|Any CPU
		{48CD7049-FEC0-4BB0-A631-23585ED30D70}.Debug|Any CPU.ActiveCfg = Debug|Any CPU
		{48CD7049-FEC0-4BB0-A631-23585ED30D70}.Debug|Any CPU.Build.0 = Debug|Any CPU
		{48CD7049-FEC0-4BB0-A631-23585ED30D70}.Release|Any CPU.ActiveCfg = Release|Any CPU
		{48CD7049-FEC0-4BB0-A631-23585ED30D70}.Release|Any CPU.Build.0 = Release|Any CPU
		{8DBD5D6C-9F95-41D8-BBC8-5C7DBF3DD5E6}.Debug|Any CPU.ActiveCfg = Debug|Any CPU
		{8DBD5D6C-9F95-41D8-BBC8-5C7DBF3DD5E6}.Debug|Any CPU.Build.0 = Debug|Any CPU
		{8DBD5D6C-9F95-41D8-BBC8-5C7DBF3DD5E6}.Release|Any CPU.ActiveCfg = Release|Any CPU
		{8DBD5D6C-9F95-41D8-BBC8-5C7DBF3DD5E6}.Release|Any CPU.Build.0 = Release|Any CPU
	EndGlobalSection
	GlobalSection(SolutionProperties) = preSolution
		HideSolutionNode = FALSE
	EndGlobalSection
	GlobalSection(NestedProjects) = preSolution
		{8DBD5D6C-9F95-41D8-BBC8-5C7DBF3DD5E6} = {1DA2FAAC-FF8F-4162-B064-C95DB01158A4}
	EndGlobalSection
	GlobalSection(ExtensibilityGlobals) = postSolution
		SolutionGuid = {3F69A64F-FDA8-4B7C-8B58-C05F5BC9B7C0}
	EndGlobalSection
EndGlobal
